
Microsoft Visual Studio Solution File, Format Version 12.00
# Visual Studio Version 16
VisualStudioVersion = 16.0.31105.61
MinimumVisualStudioVersion = 10.0.40219.1
Project("{FAE04EC0-301F-11D3-BF4B-00C04F79EFBC}") = "HotelBooking.Web", "HotelBooking.Web\HotelBooking.Web.csproj", "{29786E52-24B9-4283-BB12-2755F744914E}"
EndProject
Project("{FAE04EC0-301F-11D3-BF4B-00C04F79EFBC}") = "HotelBooking.Data", "HotelBooking.Data\HotelBooking.Data.csproj", "{1A0388DD-31F2-42BD-9FAF-77ACB649B91C}"
EndProject
Global
	GlobalSection(SolutionConfigurationPlatforms) = preSolution
		Debug|Any CPU = Debug|Any CPU
		Release|Any CPU = Release|Any CPU
	EndGlobalSection
	GlobalSection(ProjectConfigurationPlatforms) = postSolution
		{29786E52-24B9-4283-BB12-2755F744914E}.Debug|Any CPU.ActiveCfg = Debug|Any CPU
		{29786E52-24B9-4283-BB12-2755F744914E}.Debug|Any CPU.Build.0 = Debug|Any CPU
		{29786E52-24B9-4283-BB12-2755F744914E}.Release|Any CPU.ActiveCfg = Release|Any CPU
		{29786E52-24B9-4283-BB12-2755F744914E}.Release|Any CPU.Build.0 = Release|Any CPU
		{1A0388DD-31F2-42BD-9FAF-77ACB649B91C}.Debug|Any CPU.ActiveCfg = Debug|Any CPU
		{1A0388DD-31F2-42BD-9FAF-77ACB649B91C}.Debug|Any CPU.Build.0 = Debug|Any CPU
		{1A0388DD-31F2-42BD-9FAF-77ACB649B91C}.Release|Any CPU.ActiveCfg = Release|Any CPU
		{1A0388DD-31F2-42BD-9FAF-77ACB649B91C}.Release|Any CPU.Build.0 = Release|Any CPU
	EndGlobalSection
	GlobalSection(SolutionProperties) = preSolution
		HideSolutionNode = FALSE
	EndGlobalSection
	GlobalSection(ExtensibilityGlobals) = postSolution
		SolutionGuid = {E5C60BE7-2F42-4157-BC26-C8D5B9B9CAEB}
	EndGlobalSection
EndGlobal
